
Microsoft Visual Studio Solution File, Format Version 12.00
# Visual Studio Version 17
VisualStudioVersion = 17.9.34622.214
MinimumVisualStudioVersion = 10.0.40219.1
Project("{FAE04EC0-301F-11D3-BF4B-00C04F79EFBC}") = "EZ2ScoreShare", "EZ2ScoreShare.csproj", "{6E59C088-9AB7-42C9-ADA5-1A0DEF52FF6C}"
EndProject
Global
	GlobalSection(SolutionConfigurationPlatforms) = preSolution
		Debug|Any CPU = Debug|Any CPU
		Release|Any CPU = Release|Any CPU
	EndGlobalSection
	GlobalSection(ProjectConfigurationPlatforms) = postSolution
		{6E59C088-9AB7-42C9-ADA5-1A0DEF52FF6C}.Debug|Any CPU.ActiveCfg = Debug|Any CPU
		{6E59C088-9AB7-42C9-ADA5-1A0DEF52FF6C}.Debug|Any CPU.Build.0 = Debug|Any CPU
		{6E59C088-9AB7-42C9-ADA5-1A0DEF52FF6C}.Release|Any CPU.ActiveCfg = Release|Any CPU
		{6E59C088-9AB7-42C9-ADA5-1A0DEF52FF6C}.Release|Any CPU.Build.0 = Release|Any CPU
	EndGlobalSection
	GlobalSection(SolutionProperties) = preSolution
		HideSolutionNode = FALSE
	EndGlobalSection
	GlobalSection(ExtensibilityGlobals) = postSolution
		SolutionGuid = {789D98D5-CD03-450E-A3B3-2331AE321FB7}
	EndGlobalSection
EndGlobal
